
Microsoft Visual Studio Solution File, Format Version 12.00
# Visual Studio Version 17
VisualStudioVersion = 17.7.34202.233
MinimumVisualStudioVersion = 10.0.40219.1
Project("{FAE04EC0-301F-11D3-BF4B-00C04F79EFBC}") = "exam_fi", "exam_fi\exam_fi.csproj", "{CEE81F34-7B5A-46D5-A851-E430C49BB9D1}"
EndProject
Global
	GlobalSection(SolutionConfigurationPlatforms) = preSolution
		Debug|Any CPU = Debug|Any CPU
		Release|Any CPU = Release|Any CPU
	EndGlobalSection
	GlobalSection(ProjectConfigurationPlatforms) = postSolution
		{CEE81F34-7B5A-46D5-A851-E430C49BB9D1}.Debug|Any CPU.ActiveCfg = Debug|Any CPU
		{CEE81F34-7B5A-46D5-A851-E430C49BB9D1}.Debug|Any CPU.Build.0 = Debug|Any CPU
		{CEE81F34-7B5A-46D5-A851-E430C49BB9D1}.Release|Any CPU.ActiveCfg = Release|Any CPU
		{CEE81F34-7B5A-46D5-A851-E430C49BB9D1}.Release|Any CPU.Build.0 = Release|Any CPU
	EndGlobalSection
	GlobalSection(SolutionProperties) = preSolution
		HideSolutionNode = FALSE
	EndGlobalSection
	GlobalSection(ExtensibilityGlobals) = postSolution
		SolutionGuid = {AB1CA3D2-98AF-42E1-9267-7AC5021AA08F}
	EndGlobalSection
EndGlobal
